// !$*UTF8*$!
{
	archiveVersion = 1;
	classes = {
	};
	objectVersion = 55;
	objects = {

/* Begin PBXBuildFile section */
		1D17CB58287A0929002BF69A /* Reachability.swift in Sources */ = {isa = PBXBuildFile; fileRef = 1D17CB57287A0929002BF69A /* Reachability.swift */; };
		1D17CB5A287A216A002BF69A /* Alert.swift in Sources */ = {isa = PBXBuildFile; fileRef = 1D17CB59287A216A002BF69A /* Alert.swift */; };
		1D17CB5C287ADACD002BF69A /* SpinnerViewController.swift in Sources */ = {isa = PBXBuildFile; fileRef = 1D17CB5B287ADACD002BF69A /* SpinnerViewController.swift */; };
		1D17CB64287AE6E6002BF69A /* MovieListViewModelTests.swift in Sources */ = {isa = PBXBuildFile; fileRef = 1D17CB63287AE6E5002BF69A /* MovieListViewModelTests.swift */; };
		1D2B843528782E2900FBD183 /* AppDelegate.swift in Sources */ = {isa = PBXBuildFile; fileRef = 1D2B843428782E2900FBD183 /* AppDelegate.swift */; };
		1D2B843728782E2900FBD183 /* SceneDelegate.swift in Sources */ = {isa = PBXBuildFile; fileRef = 1D2B843628782E2900FBD183 /* SceneDelegate.swift */; };
		1D2B843928782E2900FBD183 /* MoviesListViewController.swift in Sources */ = {isa = PBXBuildFile; fileRef = 1D2B843828782E2900FBD183 /* MoviesListViewController.swift */; };
		1D2B843C28782E2900FBD183 /* Main.storyboard in Resources */ = {isa = PBXBuildFile; fileRef = 1D2B843A28782E2900FBD183 /* Main.storyboard */; };
		1D2B843E28782E2F00FBD183 /* Assets.xcassets in Resources */ = {isa = PBXBuildFile; fileRef = 1D2B843D28782E2F00FBD183 /* Assets.xcassets */; };
		1D2B844128782E2F00FBD183 /* LaunchScreen.storyboard in Resources */ = {isa = PBXBuildFile; fileRef = 1D2B843F28782E2F00FBD183 /* LaunchScreen.storyboard */; };
		1D2B845628782E2F00FBD183 /* VoiroMovieIosAssignmentUITests.swift in Sources */ = {isa = PBXBuildFile; fileRef = 1D2B845528782E2F00FBD183 /* VoiroMovieIosAssignmentUITests.swift */; };
		1D2B845828782E2F00FBD183 /* VoiroMovieIosAssignmentUITestsLaunchTests.swift in Sources */ = {isa = PBXBuildFile; fileRef = 1D2B845728782E2F00FBD183 /* VoiroMovieIosAssignmentUITestsLaunchTests.swift */; };
		1D2B8466287837A200FBD183 /* MoviesListTableViewCell.swift in Sources */ = {isa = PBXBuildFile; fileRef = 1D2B8465287837A200FBD183 /* MoviesListTableViewCell.swift */; };
		1D2B84682878385E00FBD183 /* MoviesListTableviewDatasource.swift in Sources */ = {isa = PBXBuildFile; fileRef = 1D2B84672878385E00FBD183 /* MoviesListTableviewDatasource.swift */; };
		1D2B846B28784E2700FBD183 /* ApiManager.swift in Sources */ = {isa = PBXBuildFile; fileRef = 1D2B846A28784E2700FBD183 /* ApiManager.swift */; };
		1D2B846D2878699A00FBD183 /* MoviesList.swift in Sources */ = {isa = PBXBuildFile; fileRef = 1D2B846C2878699900FBD183 /* MoviesList.swift */; };
		1D2B846F287888E500FBD183 /* MoviesListViewModel.swift in Sources */ = {isa = PBXBuildFile; fileRef = 1D2B846E287888E500FBD183 /* MoviesListViewModel.swift */; };
		1D2B84712878AA7600FBD183 /* MovieDetailViewController.swift in Sources */ = {isa = PBXBuildFile; fileRef = 1D2B84702878AA7600FBD183 /* MovieDetailViewController.swift */; };
		1D2B84742878BCC300FBD183 /* MockApiManager.swift in Sources */ = {isa = PBXBuildFile; fileRef = 1D2B84732878BCC300FBD183 /* MockApiManager.swift */; };
		1D2B84762878C78400FBD183 /* Strings.swift in Sources */ = {isa = PBXBuildFile; fileRef = 1D2B84752878C78400FBD183 /* Strings.swift */; };
		1D2B84792878D0A000FBD183 /* SDWebImage in Frameworks */ = {isa = PBXBuildFile; productRef = 1D2B84782878D0A000FBD183 /* SDWebImage */; };
		1D2B847B2879BCDB00FBD183 /* MovieDetail.swift in Sources */ = {isa = PBXBuildFile; fileRef = 1D2B847A2879BCDB00FBD183 /* MovieDetail.swift */; };
		1D2B847D2879C2C200FBD183 /* MovieDetailViewModel.swift in Sources */ = {isa = PBXBuildFile; fileRef = 1D2B847C2879C2C200FBD183 /* MovieDetailViewModel.swift */; };
		1D3CF2FC287AFCEB00660FF3 /* MovieDetailViewModelTests.swift in Sources */ = {isa = PBXBuildFile; fileRef = 1D3CF2FB287AFCEB00660FF3 /* MovieDetailViewModelTests.swift */; };
		1D3CF300287B486400660FF3 /* ApiError.swift in Sources */ = {isa = PBXBuildFile; fileRef = 1D3CF2FF287B486400660FF3 /* ApiError.swift */; };
/* End PBXBuildFile section */

/* Begin PBXContainerItemProxy section */
		1D2B844828782E2F00FBD183 /* PBXContainerItemProxy */ = {
			isa = PBXContainerItemProxy;
			containerPortal = 1D2B842928782E2900FBD183 /* Project object */;
			proxyType = 1;
			remoteGlobalIDString = 1D2B843028782E2900FBD183;
			remoteInfo = VoiroMovieIosAssignment;
		};
		1D2B845228782E2F00FBD183 /* PBXContainerItemProxy */ = {
			isa = PBXContainerItemProxy;
			containerPortal = 1D2B842928782E2900FBD183 /* Project object */;
			proxyType = 1;
			remoteGlobalIDString = 1D2B843028782E2900FBD183;
			remoteInfo = VoiroMovieIosAssignment;
		};
/* End PBXContainerItemProxy section */

/* Begin PBXFileReference section */
		1D17CB57287A0929002BF69A /* Reachability.swift */ = {isa = PBXFileReference; lastKnownFileType = sourcecode.swift; path = Reachability.swift; sourceTree = "<group>"; };
		1D17CB59287A216A002BF69A /* Alert.swift */ = {isa = PBXFileReference; lastKnownFileType = sourcecode.swift; path = Alert.swift; sourceTree = "<group>"; };
		1D17CB5B287ADACD002BF69A /* SpinnerViewController.swift */ = {isa = PBXFileReference; lastKnownFileType = sourcecode.swift; path = SpinnerViewController.swift; sourceTree = "<group>"; };
		1D17CB63287AE6E5002BF69A /* MovieListViewModelTests.swift */ = {isa = PBXFileReference; lastKnownFileType = sourcecode.swift; path = MovieListViewModelTests.swift; sourceTree = "<group>"; };
		1D2B843128782E2900FBD183 /* VoiroMovieIosAssignment.app */ = {isa = PBXFileReference; explicitFileType = wrapper.application; includeInIndex = 0; path = VoiroMovieIosAssignment.app; sourceTree = BUILT_PRODUCTS_DIR; };
		1D2B843428782E2900FBD183 /* AppDelegate.swift */ = {isa = PBXFileReference; lastKnownFileType = sourcecode.swift; path = AppDelegate.swift; sourceTree = "<group>"; };
		1D2B843628782E2900FBD183 /* SceneDelegate.swift */ = {isa = PBXFileReference; lastKnownFileType = sourcecode.swift; path = SceneDelegate.swift; sourceTree = "<group>"; };
		1D2B843828782E2900FBD183 /* MoviesListViewController.swift */ = {isa = PBXFileReference; lastKnownFileType = sourcecode.swift; path = MoviesListViewController.swift; sourceTree = "<group>"; };
		1D2B843B28782E2900FBD183 /* Base */ = {isa = PBXFileReference; lastKnownFileType = file.storyboard; name = Base; path = Base.lproj/Main.storyboard; sourceTree = "<group>"; };
		1D2B843D28782E2F00FBD183 /* Assets.xcassets */ = {isa = PBXFileReference; lastKnownFileType = folder.assetcatalog; path = Assets.xcassets; sourceTree = "<group>"; };
		1D2B844028782E2F00FBD183 /* Base */ = {isa = PBXFileReference; lastKnownFileType = file.storyboard; name = Base; path = Base.lproj/LaunchScreen.storyboard; sourceTree = "<group>"; };
		1D2B844228782E2F00FBD183 /* Info.plist */ = {isa = PBXFileReference; lastKnownFileType = text.plist.xml; path = Info.plist; sourceTree = "<group>"; };
		1D2B844728782E2F00FBD183 /* VoiroMovieIosAssignmentTests.xctest */ = {isa = PBXFileReference; explicitFileType = wrapper.cfbundle; includeInIndex = 0; path = VoiroMovieIosAssignmentTests.xctest; sourceTree = BUILT_PRODUCTS_DIR; };
		1D2B845128782E2F00FBD183 /* VoiroMovieIosAssignmentUITests.xctest */ = {isa = PBXFileReference; explicitFileType = wrapper.cfbundle; includeInIndex = 0; path = VoiroMovieIosAssignmentUITests.xctest; sourceTree = BUILT_PRODUCTS_DIR; };
		1D2B845528782E2F00FBD183 /* VoiroMovieIosAssignmentUITests.swift */ = {isa = PBXFileReference; lastKnownFileType = sourcecode.swift; path = VoiroMovieIosAssignmentUITests.swift; sourceTree = "<group>"; };
		1D2B845728782E2F00FBD183 /* VoiroMovieIosAssignmentUITestsLaunchTests.swift */ = {isa = PBXFileReference; lastKnownFileType = sourcecode.swift; path = VoiroMovieIosAssignmentUITestsLaunchTests.swift; sourceTree = "<group>"; };
		1D2B8465287837A200FBD183 /* MoviesListTableViewCell.swift */ = {isa = PBXFileReference; lastKnownFileType = sourcecode.swift; path = MoviesListTableViewCell.swift; sourceTree = "<group>"; };
		1D2B84672878385E00FBD183 /* MoviesListTableviewDatasource.swift */ = {isa = PBXFileReference; lastKnownFileType = sourcecode.swift; path = MoviesListTableviewDatasource.swift; sourceTree = "<group>"; };
		1D2B846A28784E2700FBD183 /* ApiManager.swift */ = {isa = PBXFileReference; lastKnownFileType = sourcecode.swift; path = ApiManager.swift; sourceTree = "<group>"; };
		1D2B846C2878699900FBD183 /* MoviesList.swift */ = {isa = PBXFileReference; lastKnownFileType = sourcecode.swift; path = MoviesList.swift; sourceTree = "<group>"; };
		1D2B846E287888E500FBD183 /* MoviesListViewModel.swift */ = {isa = PBXFileReference; lastKnownFileType = sourcecode.swift; path = MoviesListViewModel.swift; sourceTree = "<group>"; };
		1D2B84702878AA7600FBD183 /* MovieDetailViewController.swift */ = {isa = PBXFileReference; lastKnownFileType = sourcecode.swift; path = MovieDetailViewController.swift; sourceTree = "<group>"; };
		1D2B84732878BCC300FBD183 /* MockApiManager.swift */ = {isa = PBXFileReference; lastKnownFileType = sourcecode.swift; path = MockApiManager.swift; sourceTree = "<group>"; };
		1D2B84752878C78400FBD183 /* Strings.swift */ = {isa = PBXFileReference; lastKnownFileType = sourcecode.swift; path = Strings.swift; sourceTree = "<group>"; };
		1D2B847A2879BCDB00FBD183 /* MovieDetail.swift */ = {isa = PBXFileReference; lastKnownFileType = sourcecode.swift; path = MovieDetail.swift; sourceTree = "<group>"; };
		1D2B847C2879C2C200FBD183 /* MovieDetailViewModel.swift */ = {isa = PBXFileReference; lastKnownFileType = sourcecode.swift; path = MovieDetailViewModel.swift; sourceTree = "<group>"; };
		1D3CF2FB287AFCEB00660FF3 /* MovieDetailViewModelTests.swift */ = {isa = PBXFileReference; lastKnownFileType = sourcecode.swift; path = MovieDetailViewModelTests.swift; sourceTree = "<group>"; };
		1D3CF2FF287B486400660FF3 /* ApiError.swift */ = {isa = PBXFileReference; lastKnownFileType = sourcecode.swift; path = ApiError.swift; sourceTree = "<group>"; };
/* End PBXFileReference section */

/* Begin PBXFrameworksBuildPhase section */
		1D2B842E28782E2900FBD183 /* Frameworks */ = {
			isa = PBXFrameworksBuildPhase;
			buildActionMask = 2147483647;
			files = (
				1D2B84792878D0A000FBD183 /* SDWebImage in Frameworks */,
			);
			runOnlyForDeploymentPostprocessing = 0;
		};
		1D2B844428782E2F00FBD183 /* Frameworks */ = {
			isa = PBXFrameworksBuildPhase;
			buildActionMask = 2147483647;
			files = (
			);
			runOnlyForDeploymentPostprocessing = 0;
		};
		1D2B844E28782E2F00FBD183 /* Frameworks */ = {
			isa = PBXFrameworksBuildPhase;
			buildActionMask = 2147483647;
			files = (
			);
			runOnlyForDeploymentPostprocessing = 0;
		};
/* End PBXFrameworksBuildPhase section */

/* Begin PBXGroup section */
		1D17CB5E287AE135002BF69A /* Views */ = {
			isa = PBXGroup;
			children = (
				1D2B84702878AA7600FBD183 /* MovieDetailViewController.swift */,
				1D2B843828782E2900FBD183 /* MoviesListViewController.swift */,
				1D2B8465287837A200FBD183 /* MoviesListTableViewCell.swift */,
				1D2B84672878385E00FBD183 /* MoviesListTableviewDatasource.swift */,
			);
			path = Views;
			sourceTree = "<group>";
		};
		1D17CB5F287AE14C002BF69A /* ViewModel */ = {
			isa = PBXGroup;
			children = (
				1D2B847C2879C2C200FBD183 /* MovieDetailViewModel.swift */,
				1D2B846E287888E500FBD183 /* MoviesListViewModel.swift */,
			);
			path = ViewModel;
			sourceTree = "<group>";
		};
		1D17CB60287AE172002BF69A /* Models */ = {
			isa = PBXGroup;
			children = (
				1D2B847A2879BCDB00FBD183 /* MovieDetail.swift */,
				1D2B846C2878699900FBD183 /* MoviesList.swift */,
			);
			path = Models;
			sourceTree = "<group>";
		};
		1D17CB62287AE506002BF69A /* Services */ = {
			isa = PBXGroup;
			children = (
				1D2B846A28784E2700FBD183 /* ApiManager.swift */,
				1D2B84732878BCC300FBD183 /* MockApiManager.swift */,
				1D3CF2FF287B486400660FF3 /* ApiError.swift */,
			);
			path = Services;
			sourceTree = "<group>";
		};
		1D2B842828782E2900FBD183 = {
			isa = PBXGroup;
			children = (
				1D2B843328782E2900FBD183 /* VoiroMovieIosAssignment */,
				1D2B844A28782E2F00FBD183 /* VoiroMovieIosAssignmentTests */,
				1D2B845428782E2F00FBD183 /* VoiroMovieIosAssignmentUITests */,
				1D2B843228782E2900FBD183 /* Products */,
			);
			sourceTree = "<group>";
		};
		1D2B843228782E2900FBD183 /* Products */ = {
			isa = PBXGroup;
			children = (
				1D2B843128782E2900FBD183 /* VoiroMovieIosAssignment.app */,
				1D2B844728782E2F00FBD183 /* VoiroMovieIosAssignmentTests.xctest */,
				1D2B845128782E2F00FBD183 /* VoiroMovieIosAssignmentUITests.xctest */,
			);
			name = Products;
			sourceTree = "<group>";
		};
		1D2B843328782E2900FBD183 /* VoiroMovieIosAssignment */ = {
			isa = PBXGroup;
			children = (
				1D2B843428782E2900FBD183 /* AppDelegate.swift */,
				1D2B843628782E2900FBD183 /* SceneDelegate.swift */,
				1D2B846928784E0600FBD183 /* Utility */,
				1D2B84642878377300FBD183 /* Presentation */,
				1D2B843A28782E2900FBD183 /* Main.storyboard */,
				1D2B843D28782E2F00FBD183 /* Assets.xcassets */,
				1D2B843F28782E2F00FBD183 /* LaunchScreen.storyboard */,
				1D2B844228782E2F00FBD183 /* Info.plist */,
			);
			path = VoiroMovieIosAssignment;
			sourceTree = "<group>";
		};
		1D2B844A28782E2F00FBD183 /* VoiroMovieIosAssignmentTests */ = {
			isa = PBXGroup;
			children = (
				1D17CB63287AE6E5002BF69A /* MovieListViewModelTests.swift */,
				1D3CF2FB287AFCEB00660FF3 /* MovieDetailViewModelTests.swift */,
			);
			path = VoiroMovieIosAssignmentTests;
			sourceTree = "<group>";
		};
		1D2B845428782E2F00FBD183 /* VoiroMovieIosAssignmentUITests */ = {
			isa = PBXGroup;
			children = (
				1D2B845528782E2F00FBD183 /* VoiroMovieIosAssignmentUITests.swift */,
				1D2B845728782E2F00FBD183 /* VoiroMovieIosAssignmentUITestsLaunchTests.swift */,
			);
			path = VoiroMovieIosAssignmentUITests;
			sourceTree = "<group>";
		};
		1D2B84642878377300FBD183 /* Presentation */ = {
			isa = PBXGroup;
			children = (
				1D2B847E2879E3A300FBD183 /* Movies */,
			);
			path = Presentation;
			sourceTree = "<group>";
		};
		1D2B846928784E0600FBD183 /* Utility */ = {
			isa = PBXGroup;
			children = (
				1D17CB5B287ADACD002BF69A /* SpinnerViewController.swift */,
				1D17CB59287A216A002BF69A /* Alert.swift */,
				1D17CB57287A0929002BF69A /* Reachability.swift */,
				1D2B84752878C78400FBD183 /* Strings.swift */,
				1D17CB62287AE506002BF69A /* Services */,
			);
			path = Utility;
			sourceTree = "<group>";
		};
		1D2B847E2879E3A300FBD183 /* Movies */ = {
			isa = PBXGroup;
			children = (
				1D17CB60287AE172002BF69A /* Models */,
				1D17CB5E287AE135002BF69A /* Views */,
				1D17CB5F287AE14C002BF69A /* ViewModel */,
			);
			path = Movies;
			sourceTree = "<group>";
		};
/* End PBXGroup section */

/* Begin PBXNativeTarget section */
		1D2B843028782E2900FBD183 /* VoiroMovieIosAssignment */ = {
			isa = PBXNativeTarget;
			buildConfigurationList = 1D2B845B28782E2F00FBD183 /* Build configuration list for PBXNativeTarget "VoiroMovieIosAssignment" */;
			buildPhases = (
				1D2B842D28782E2900FBD183 /* Sources */,
				1D2B842E28782E2900FBD183 /* Frameworks */,
				1D2B842F28782E2900FBD183 /* Resources */,
			);
			buildRules = (
			);
			dependencies = (
			);
			name = VoiroMovieIosAssignment;
			packageProductDependencies = (
				1D2B84782878D0A000FBD183 /* SDWebImage */,
			);
			productName = VoiroMovieIosAssignment;
			productReference = 1D2B843128782E2900FBD183 /* VoiroMovieIosAssignment.app */;
			productType = "com.apple.product-type.application";
		};
		1D2B844628782E2F00FBD183 /* VoiroMovieIosAssignmentTests */ = {
			isa = PBXNativeTarget;
			buildConfigurationList = 1D2B845E28782E2F00FBD183 /* Build configuration list for PBXNativeTarget "VoiroMovieIosAssignmentTests" */;
			buildPhases = (
				1D2B844328782E2F00FBD183 /* Sources */,
				1D2B844428782E2F00FBD183 /* Frameworks */,
				1D2B844528782E2F00FBD183 /* Resources */,
			);
			buildRules = (
			);
			dependencies = (
				1D2B844928782E2F00FBD183 /* PBXTargetDependency */,
			);
			name = VoiroMovieIosAssignmentTests;
			productName = VoiroMovieIosAssignmentTests;
			productReference = 1D2B844728782E2F00FBD183 /* VoiroMovieIosAssignmentTests.xctest */;
			productType = "com.apple.product-type.bundle.unit-test";
		};
		1D2B845028782E2F00FBD183 /* VoiroMovieIosAssignmentUITests */ = {
			isa = PBXNativeTarget;
			buildConfigurationList = 1D2B846128782E2F00FBD183 /* Build configuration list for PBXNativeTarget "VoiroMovieIosAssignmentUITests" */;
			buildPhases = (
				1D2B844D28782E2F00FBD183 /* Sources */,
				1D2B844E28782E2F00FBD183 /* Frameworks */,
				1D2B844F28782E2F00FBD183 /* Resources */,
			);
			buildRules = (
			);
			dependencies = (
				1D2B845328782E2F00FBD183 /* PBXTargetDependency */,
			);
			name = VoiroMovieIosAssignmentUITests;
			productName = VoiroMovieIosAssignmentUITests;
			productReference = 1D2B845128782E2F00FBD183 /* VoiroMovieIosAssignmentUITests.xctest */;
			productType = "com.apple.product-type.bundle.ui-testing";
		};
/* End PBXNativeTarget section */

/* Begin PBXProject section */
		1D2B842928782E2900FBD183 /* Project object */ = {
			isa = PBXProject;
			attributes = {
				BuildIndependentTargetsInParallel = 1;
				LastSwiftUpdateCheck = 1320;
				LastUpgradeCheck = 1320;
				TargetAttributes = {
					1D2B843028782E2900FBD183 = {
						CreatedOnToolsVersion = 13.2.1;
					};
					1D2B844628782E2F00FBD183 = {
						CreatedOnToolsVersion = 13.2.1;
						TestTargetID = 1D2B843028782E2900FBD183;
					};
					1D2B845028782E2F00FBD183 = {
						CreatedOnToolsVersion = 13.2.1;
						TestTargetID = 1D2B843028782E2900FBD183;
					};
				};
			};
			buildConfigurationList = 1D2B842C28782E2900FBD183 /* Build configuration list for PBXProject "VoiroMovieIosAssignment" */;
			compatibilityVersion = "Xcode 13.0";
			developmentRegion = en;
			hasScannedForEncodings = 0;
			knownRegions = (
				en,
				Base,
			);
			mainGroup = 1D2B842828782E2900FBD183;
			packageReferences = (
				1D2B84772878D0A000FBD183 /* XCRemoteSwiftPackageReference "SDWebImage" */,
			);
			productRefGroup = 1D2B843228782E2900FBD183 /* Products */;
			projectDirPath = "";
			projectRoot = "";
			targets = (
				1D2B843028782E2900FBD183 /* VoiroMovieIosAssignment */,
				1D2B844628782E2F00FBD183 /* VoiroMovieIosAssignmentTests */,
				1D2B845028782E2F00FBD183 /* VoiroMovieIosAssignmentUITests */,
			);
		};
/* End PBXProject section */

/* Begin PBXResourcesBuildPhase section */
		1D2B842F28782E2900FBD183 /* Resources */ = {
			isa = PBXResourcesBuildPhase;
			buildActionMask = 2147483647;
			files = (
				1D2B844128782E2F00FBD183 /* LaunchScreen.storyboard in Resources */,
				1D2B843E28782E2F00FBD183 /* Assets.xcassets in Resources */,
				1D2B843C28782E2900FBD183 /* Main.storyboard in Resources */,
			);
			runOnlyForDeploymentPostprocessing = 0;
		};
		1D2B844528782E2F00FBD183 /* Resources */ = {
			isa = PBXResourcesBuildPhase;
			buildActionMask = 2147483647;
			files = (
			);
			runOnlyForDeploymentPostprocessing = 0;
		};
		1D2B844F28782E2F00FBD183 /* Resources */ = {
			isa = PBXResourcesBuildPhase;
			buildActionMask = 2147483647;
			files = (
			);
			runOnlyForDeploymentPostprocessing = 0;
		};
/* End PBXResourcesBuildPhase section */

/* Begin PBXSourcesBuildPhase section */
		1D2B842D28782E2900FBD183 /* Sources */ = {
			isa = PBXSourcesBuildPhase;
			buildActionMask = 2147483647;
			files = (
				1D17CB58287A0929002BF69A /* Reachability.swift in Sources */,
				1D2B846F287888E500FBD183 /* MoviesListViewModel.swift in Sources */,
				1D2B847B2879BCDB00FBD183 /* MovieDetail.swift in Sources */,
				1D3CF300287B486400660FF3 /* ApiError.swift in Sources */,
				1D2B84762878C78400FBD183 /* Strings.swift in Sources */,
				1D17CB5C287ADACD002BF69A /* SpinnerViewController.swift in Sources */,
				1D17CB5A287A216A002BF69A /* Alert.swift in Sources */,
				1D2B846B28784E2700FBD183 /* ApiManager.swift in Sources */,
				1D2B84712878AA7600FBD183 /* MovieDetailViewController.swift in Sources */,
				1D2B84682878385E00FBD183 /* MoviesListTableviewDatasource.swift in Sources */,
				1D2B84742878BCC300FBD183 /* MockApiManager.swift in Sources */,
				1D2B843928782E2900FBD183 /* MoviesListViewController.swift in Sources */,
				1D2B843528782E2900FBD183 /* AppDelegate.swift in Sources */,
				1D2B847D2879C2C200FBD183 /* MovieDetailViewModel.swift in Sources */,
				1D2B8466287837A200FBD183 /* MoviesListTableViewCell.swift in Sources */,
				1D2B843728782E2900FBD183 /* SceneDelegate.swift in Sources */,
				1D2B846D2878699A00FBD183 /* MoviesList.swift in Sources */,
			);
			runOnlyForDeploymentPostprocessing = 0;
		};
		1D2B844328782E2F00FBD183 /* Sources */ = {
			isa = PBXSourcesBuildPhase;
			buildActionMask = 2147483647;
			files = (
				1D3CF2FC287AFCEB00660FF3 /* MovieDetailViewModelTests.swift in Sources */,
				1D17CB64287AE6E6002BF69A /* MovieListViewModelTests.swift in Sources */,
			);
			runOnlyForDeploymentPostprocessing = 0;
		};
		1D2B844D28782E2F00FBD183 /* Sources */ = {
			isa = PBXSourcesBuildPhase;
			buildActionMask = 2147483647;
			files = (
				1D2B845828782E2F00FBD183 /* VoiroMovieIosAssignmentUITestsLaunchTests.swift in Sources */,
				1D2B845628782E2F00FBD183 /* VoiroMovieIosAssignmentUITests.swift in Sources */,
			);
			runOnlyForDeploymentPostprocessing = 0;
		};
/* End PBXSourcesBuildPhase section */

/* Begin PBXTargetDependency section */
		1D2B844928782E2F00FBD183 /* PBXTargetDependency */ = {
			isa = PBXTargetDependency;
			target = 1D2B843028782E2900FBD183 /* VoiroMovieIosAssignment */;
			targetProxy = 1D2B844828782E2F00FBD183 /* PBXContainerItemProxy */;
		};
		1D2B845328782E2F00FBD183 /* PBXTargetDependency */ = {
			isa = PBXTargetDependency;
			target = 1D2B843028782E2900FBD183 /* VoiroMovieIosAssignment */;
			targetProxy = 1D2B845228782E2F00FBD183 /* PBXContainerItemProxy */;
		};
/* End PBXTargetDependency section */

/* Begin PBXVariantGroup section */
		1D2B843A28782E2900FBD183 /* Main.storyboard */ = {
			isa = PBXVariantGroup;
			children = (
				1D2B843B28782E2900FBD183 /* Base */,
			);
			name = Main.storyboard;
			sourceTree = "<group>";
		};
		1D2B843F28782E2F00FBD183 /* LaunchScreen.storyboard */ = {
			isa = PBXVariantGroup;
			children = (
				1D2B844028782E2F00FBD183 /* Base */,
			);
			name = LaunchScreen.storyboard;
			sourceTree = "<group>";
		};
/* End PBXVariantGroup section */

/* Begin XCBuildConfiguration section */
		1D2B845928782E2F00FBD183 /* Debug */ = {
			isa = XCBuildConfiguration;
			buildSettings = {
				ALWAYS_SEARCH_USER_PATHS = NO;
				CLANG_ANALYZER_NONNULL = YES;
				CLANG_ANALYZER_NUMBER_OBJECT_CONVERSION = YES_AGGRESSIVE;
				CLANG_CXX_LANGUAGE_STANDARD = "gnu++17";
				CLANG_CXX_LIBRARY = "libc++";
				CLANG_ENABLE_MODULES = YES;
				CLANG_ENABLE_OBJC_ARC = YES;
				CLANG_ENABLE_OBJC_WEAK = YES;
				CLANG_WARN_BLOCK_CAPTURE_AUTORELEASING = YES;
				CLANG_WARN_BOOL_CONVERSION = YES;
				CLANG_WARN_COMMA = YES;
				CLANG_WARN_CONSTANT_CONVERSION = YES;
				CLANG_WARN_DEPRECATED_OBJC_IMPLEMENTATIONS = YES;
				CLANG_WARN_DIRECT_OBJC_ISA_USAGE = YES_ERROR;
				CLANG_WARN_DOCUMENTATION_COMMENTS = YES;
				CLANG_WARN_EMPTY_BODY = YES;
				CLANG_WARN_ENUM_CONVERSION = YES;
				CLANG_WARN_INFINITE_RECURSION = YES;
				CLANG_WARN_INT_CONVERSION = YES;
				CLANG_WARN_NON_LITERAL_NULL_CONVERSION = YES;
				CLANG_WARN_OBJC_IMPLICIT_RETAIN_SELF = YES;
				CLANG_WARN_OBJC_LITERAL_CONVERSION = YES;
				CLANG_WARN_OBJC_ROOT_CLASS = YES_ERROR;
				CLANG_WARN_QUOTED_INCLUDE_IN_FRAMEWORK_HEADER = YES;
				CLANG_WARN_RANGE_LOOP_ANALYSIS = YES;
				CLANG_WARN_STRICT_PROTOTYPES = YES;
				CLANG_WARN_SUSPICIOUS_MOVE = YES;
				CLANG_WARN_UNGUARDED_AVAILABILITY = YES_AGGRESSIVE;
				CLANG_WARN_UNREACHABLE_CODE = YES;
				CLANG_WARN__DUPLICATE_METHOD_MATCH = YES;
				COPY_PHASE_STRIP = NO;
				DEBUG_INFORMATION_FORMAT = dwarf;
				ENABLE_STRICT_OBJC_MSGSEND = YES;
				ENABLE_TESTABILITY = YES;
				GCC_C_LANGUAGE_STANDARD = gnu11;
				GCC_DYNAMIC_NO_PIC = NO;
				GCC_NO_COMMON_BLOCKS = YES;
				GCC_OPTIMIZATION_LEVEL = 0;
				GCC_PREPROCESSOR_DEFINITIONS = (
					"DEBUG=1",
					"$(inherited)",
				);
				GCC_WARN_64_TO_32_BIT_CONVERSION = YES;
				GCC_WARN_ABOUT_RETURN_TYPE = YES_ERROR;
				GCC_WARN_UNDECLARED_SELECTOR = YES;
				GCC_WARN_UNINITIALIZED_AUTOS = YES_AGGRESSIVE;
				GCC_WARN_UNUSED_FUNCTION = YES;
				GCC_WARN_UNUSED_VARIABLE = YES;
				IPHONEOS_DEPLOYMENT_TARGET = 15.2;
				MTL_ENABLE_DEBUG_INFO = INCLUDE_SOURCE;
				MTL_FAST_MATH = YES;
				ONLY_ACTIVE_ARCH = YES;
				SDKROOT = iphoneos;
				SWIFT_ACTIVE_COMPILATION_CONDITIONS = DEBUG;
				SWIFT_OPTIMIZATION_LEVEL = "-Onone";
			};
			name = Debug;
		};
		1D2B845A28782E2F00FBD183 /* Release */ = {
			isa = XCBuildConfiguration;
			buildSettings = {
				ALWAYS_SEARCH_USER_PATHS = NO;
				CLANG_ANALYZER_NONNULL = YES;
				CLANG_ANALYZER_NUMBER_OBJECT_CONVERSION = YES_AGGRESSIVE;
				CLANG_CXX_LANGUAGE_STANDARD = "gnu++17";
				CLANG_CXX_LIBRARY = "libc++";
				CLANG_ENABLE_MODULES = YES;
				CLANG_ENABLE_OBJC_ARC = YES;
				CLANG_ENABLE_OBJC_WEAK = YES;
				CLANG_WARN_BLOCK_CAPTURE_AUTORELEASING = YES;
				CLANG_WARN_BOOL_CONVERSION = YES;
				CLANG_WARN_COMMA = YES;
				CLANG_WARN_CONSTANT_CONVERSION = YES;
				CLANG_WARN_DEPRECATED_OBJC_IMPLEMENTATIONS = YES;
				CLANG_WARN_DIRECT_OBJC_ISA_USAGE = YES_ERROR;
				CLANG_WARN_DOCUMENTATION_COMMENTS = YES;
				CLANG_WARN_EMPTY_BODY = YES;
				CLANG_WARN_ENUM_CONVERSION = YES;
				CLANG_WARN_INFINITE_RECURSION = YES;
				CLANG_WARN_INT_CONVERSION = YES;
				CLANG_WARN_NON_LITERAL_NULL_CONVERSION = YES;
				CLANG_WARN_OBJC_IMPLICIT_RETAIN_SELF = YES;
				CLANG_WARN_OBJC_LITERAL_CONVERSION = YES;
				CLANG_WARN_OBJC_ROOT_CLASS = YES_ERROR;
				CLANG_WARN_QUOTED_INCLUDE_IN_FRAMEWORK_HEADER = YES;
				CLANG_WARN_RANGE_LOOP_ANALYSIS = YES;
				CLANG_WARN_STRICT_PROTOTYPES = YES;
				CLANG_WARN_SUSPICIOUS_MOVE = YES;
				CLANG_WARN_UNGUARDED_AVAILABILITY = YES_AGGRESSIVE;
				CLANG_WARN_UNREACHABLE_CODE = YES;
				CLANG_WARN__DUPLICATE_METHOD_MATCH = YES;
				COPY_PHASE_STRIP = NO;
				DEBUG_INFORMATION_FORMAT = "dwarf-with-dsym";
				ENABLE_NS_ASSERTIONS = NO;
				ENABLE_STRICT_OBJC_MSGSEND = YES;
				GCC_C_LANGUAGE_STANDARD = gnu11;
				GCC_NO_COMMON_BLOCKS = YES;
				GCC_WARN_64_TO_32_BIT_CONVERSION = YES;
				GCC_WARN_ABOUT_RETURN_TYPE = YES_ERROR;
				GCC_WARN_UNDECLARED_SELECTOR = YES;
				GCC_WARN_UNINITIALIZED_AUTOS = YES_AGGRESSIVE;
				GCC_WARN_UNUSED_FUNCTION = YES;
				GCC_WARN_UNUSED_VARIABLE = YES;
				IPHONEOS_DEPLOYMENT_TARGET = 15.2;
				MTL_ENABLE_DEBUG_INFO = NO;
				MTL_FAST_MATH = YES;
				SDKROOT = iphoneos;
				SWIFT_COMPILATION_MODE = wholemodule;
				SWIFT_OPTIMIZATION_LEVEL = "-O";
				VALIDATE_PRODUCT = YES;
			};
			name = Release;
		};
		1D2B845C28782E2F00FBD183 /* Debug */ = {
			isa = XCBuildConfiguration;
			buildSettings = {
				ASSETCATALOG_COMPILER_APPICON_NAME = AppIcon;
				ASSETCATALOG_COMPILER_GLOBAL_ACCENT_COLOR_NAME = AccentColor;
				CODE_SIGN_STYLE = Automatic;
				CURRENT_PROJECT_VERSION = 1;
				DEVELOPMENT_TEAM = SP39Y257W3;
				GENERATE_INFOPLIST_FILE = YES;
				INFOPLIST_FILE = VoiroMovieIosAssignment/Info.plist;
				INFOPLIST_KEY_UIApplicationSupportsIndirectInputEvents = YES;
				INFOPLIST_KEY_UILaunchStoryboardName = LaunchScreen;
				INFOPLIST_KEY_UIMainStoryboardFile = Main;
				INFOPLIST_KEY_UISupportedInterfaceOrientations_iPad = "UIInterfaceOrientationPortrait UIInterfaceOrientationPortraitUpsideDown UIInterfaceOrientationLandscapeLeft UIInterfaceOrientationLandscapeRight";
				INFOPLIST_KEY_UISupportedInterfaceOrientations_iPhone = "UIInterfaceOrientationPortrait UIInterfaceOrientationLandscapeLeft UIInterfaceOrientationLandscapeRight";
				LD_RUNPATH_SEARCH_PATHS = (
					"$(inherited)",
					"@executable_path/Frameworks",
				);
				MARKETING_VERSION = 1.0;
				PRODUCT_BUNDLE_IDENTIFIER = com.Raveena.VoiroMovieIosAssignment;
				PRODUCT_NAME = "$(TARGET_NAME)";
				SWIFT_EMIT_LOC_STRINGS = YES;
				SWIFT_VERSION = 5.0;
				TARGETED_DEVICE_FAMILY = "1,2";
			};
			name = Debug;
		};
		1D2B845D28782E2F00FBD183 /* Release */ = {
			isa = XCBuildConfiguration;
			buildSettings = {
				ASSETCATALOG_COMPILER_APPICON_NAME = AppIcon;
				ASSETCATALOG_COMPILER_GLOBAL_ACCENT_COLOR_NAME = AccentColor;
				CODE_SIGN_STYLE = Automatic;
				CURRENT_PROJECT_VERSION = 1;
				DEVELOPMENT_TEAM = SP39Y257W3;
				GENERATE_INFOPLIST_FILE = YES;
				INFOPLIST_FILE = VoiroMovieIosAssignment/Info.plist;
				INFOPLIST_KEY_UIApplicationSupportsIndirectInputEvents = YES;
				INFOPLIST_KEY_UILaunchStoryboardName = LaunchScreen;
				INFOPLIST_KEY_UIMainStoryboardFile = Main;
				INFOPLIST_KEY_UISupportedInterfaceOrientations_iPad = "UIInterfaceOrientationPortrait UIInterfaceOrientationPortraitUpsideDown UIInterfaceOrientationLandscapeLeft UIInterfaceOrientationLandscapeRight";
				INFOPLIST_KEY_UISupportedInterfaceOrientations_iPhone = "UIInterfaceOrientationPortrait UIInterfaceOrientationLandscapeLeft UIInterfaceOrientationLandscapeRight";
				LD_RUNPATH_SEARCH_PATHS = (
					"$(inherited)",
					"@executable_path/Frameworks",
				);
				MARKETING_VERSION = 1.0;
				PRODUCT_BUNDLE_IDENTIFIER = com.Raveena.VoiroMovieIosAssignment;
				PRODUCT_NAME = "$(TARGET_NAME)";
				SWIFT_EMIT_LOC_STRINGS = YES;
				SWIFT_VERSION = 5.0;
				TARGETED_DEVICE_FAMILY = "1,2";
			};
			name = Release;
		};
		1D2B845F28782E2F00FBD183 /* Debug */ = {
			isa = XCBuildConfiguration;
			buildSettings = {
				ALWAYS_EMBED_SWIFT_STANDARD_LIBRARIES = YES;
				BUNDLE_LOADER = "$(TEST_HOST)";
				CODE_SIGN_STYLE = Automatic;
				CURRENT_PROJECT_VERSION = 1;
				DEVELOPMENT_TEAM = SP39Y257W3;
				GENERATE_INFOPLIST_FILE = YES;
				IPHONEOS_DEPLOYMENT_TARGET = 15.2;
				MARKETING_VERSION = 1.0;
				PRODUCT_BUNDLE_IDENTIFIER = com.Raveena.VoiroMovieIosAssignmentTests;
				PRODUCT_NAME = "$(TARGET_NAME)";
				SWIFT_EMIT_LOC_STRINGS = NO;
				SWIFT_VERSION = 5.0;
				TARGETED_DEVICE_FAMILY = "1,2";
				TEST_HOST = "$(BUILT_PRODUCTS_DIR)/VoiroMovieIosAssignment.app/VoiroMovieIosAssignment";
			};
			name = Debug;
		};
		1D2B846028782E2F00FBD183 /* Release */ = {
			isa = XCBuildConfiguration;
			buildSettings = {
				ALWAYS_EMBED_SWIFT_STANDARD_LIBRARIES = YES;
				BUNDLE_LOADER = "$(TEST_HOST)";
				CODE_SIGN_STYLE = Automatic;
				CURRENT_PROJECT_VERSION = 1;
				DEVELOPMENT_TEAM = SP39Y257W3;
				GENERATE_INFOPLIST_FILE = YES;
				IPHONEOS_DEPLOYMENT_TARGET = 15.2;
				MARKETING_VERSION = 1.0;
				PRODUCT_BUNDLE_IDENTIFIER = com.Raveena.VoiroMovieIosAssignmentTests;
				PRODUCT_NAME = "$(TARGET_NAME)";
				SWIFT_EMIT_LOC_STRINGS = NO;
				SWIFT_VERSION = 5.0;
				TARGETED_DEVICE_FAMILY = "1,2";
				TEST_HOST = "$(BUILT_PRODUCTS_DIR)/VoiroMovieIosAssignment.app/VoiroMovieIosAssignment";
			};
			name = Release;
		};
		1D2B846228782E2F00FBD183 /* Debug */ = {
			isa = XCBuildConfiguration;
			buildSettings = {
				ALWAYS_EMBED_SWIFT_STANDARD_LIBRARIES = YES;
				CODE_SIGN_STYLE = Automatic;
				CURRENT_PROJECT_VERSION = 1;
				DEVELOPMENT_TEAM = SP39Y257W3;
				GENERATE_INFOPLIST_FILE = YES;
				MARKETING_VERSION = 1.0;
				PRODUCT_BUNDLE_IDENTIFIER = com.Raveena.VoiroMovieIosAssignmentUITests;
				PRODUCT_NAME = "$(TARGET_NAME)";
				SWIFT_EMIT_LOC_STRINGS = NO;
				SWIFT_VERSION = 5.0;
				TARGETED_DEVICE_FAMILY = "1,2";
				TEST_TARGET_NAME = VoiroMovieIosAssignment;
			};
			name = Debug;
		};
		1D2B846328782E2F00FBD183 /* Release */ = {
			isa = XCBuildConfiguration;
			buildSettings = {
				ALWAYS_EMBED_SWIFT_STANDARD_LIBRARIES = YES;
				CODE_SIGN_STYLE = Automatic;
				CURRENT_PROJECT_VERSION = 1;
				DEVELOPMENT_TEAM = SP39Y257W3;
				GENERATE_INFOPLIST_FILE = YES;
				MARKETING_VERSION = 1.0;
				PRODUCT_BUNDLE_IDENTIFIER = com.Raveena.VoiroMovieIosAssignmentUITests;
				PRODUCT_NAME = "$(TARGET_NAME)";
				SWIFT_EMIT_LOC_STRINGS = NO;
				SWIFT_VERSION = 5.0;
				TARGETED_DEVICE_FAMILY = "1,2";
				TEST_TARGET_NAME = VoiroMovieIosAssignment;
			};
			name = Release;
		};
/* End XCBuildConfiguration section */

/* Begin XCConfigurationList section */
		1D2B842C28782E2900FBD183 /* Build configuration list for PBXProject "VoiroMovieIosAssignment" */ = {
			isa = XCConfigurationList;
			buildConfigurations = (
				1D2B845928782E2F00FBD183 /* Debug */,
				1D2B845A28782E2F00FBD183 /* Release */,
			);
			defaultConfigurationIsVisible = 0;
			defaultConfigurationName = Release;
		};
		1D2B845B28782E2F00FBD183 /* Build configuration list for PBXNativeTarget "VoiroMovieIosAssignment" */ = {
			isa = XCConfigurationList;
			buildConfigurations = (
				1D2B845C28782E2F00FBD183 /* Debug */,
				1D2B845D28782E2F00FBD183 /* Release */,
			);
			defaultConfigurationIsVisible = 0;
			defaultConfigurationName = Release;
		};
		1D2B845E28782E2F00FBD183 /* Build configuration list for PBXNativeTarget "VoiroMovieIosAssignmentTests" */ = {
			isa = XCConfigurationList;
			buildConfigurations = (
				1D2B845F28782E2F00FBD183 /* Debug */,
				1D2B846028782E2F00FBD183 /* Release */,
			);
			defaultConfigurationIsVisible = 0;
			defaultConfigurationName = Release;
		};
		1D2B846128782E2F00FBD183 /* Build configuration list for PBXNativeTarget "VoiroMovieIosAssignmentUITests" */ = {
			isa = XCConfigurationList;
			buildConfigurations = (
				1D2B846228782E2F00FBD183 /* Debug */,
				1D2B846328782E2F00FBD183 /* Release */,
			);
			defaultConfigurationIsVisible = 0;
			defaultConfigurationName = Release;
		};
/* End XCConfigurationList section */

/* Begin XCRemoteSwiftPackageReference section */
		1D2B84772878D0A000FBD183 /* XCRemoteSwiftPackageReference "SDWebImage" */ = {
			isa = XCRemoteSwiftPackageReference;
			repositoryURL = "https://github.com/SDWebImage/SDWebImage.git";
			requirement = {
				kind = upToNextMajorVersion;
				minimumVersion = 5.0.0;
			};
		};
/* End XCRemoteSwiftPackageReference section */

/* Begin XCSwiftPackageProductDependency section */
		1D2B84782878D0A000FBD183 /* SDWebImage */ = {
			isa = XCSwiftPackageProductDependency;
			package = 1D2B84772878D0A000FBD183 /* XCRemoteSwiftPackageReference "SDWebImage" */;
			productName = SDWebImage;
		};
/* End XCSwiftPackageProductDependency section */
	};
	rootObject = 1D2B842928782E2900FBD183 /* Project object */;
}
